
Microsoft Visual Studio Solution File, Format Version 12.00
# Visual Studio Version 17
VisualStudioVersion = 17.5.33424.131
MinimumVisualStudioVersion = 10.0.40219.1
Project("{FAE04EC0-301F-11D3-BF4B-00C04F79EFBC}") = "TestBank", "TestBank\TestBank.csproj", "{E1C50064-0B7A-4C89-A4ED-3A9DE7EEB5B6}"
EndProject
Project("{FAE04EC0-301F-11D3-BF4B-00C04F79EFBC}") = "Dominio", "Dominio\Dominio.csproj", "{843182B6-17E2-4620-9EC3-5AC62D361DF4}"
EndProject
Project("{FAE04EC0-301F-11D3-BF4B-00C04F79EFBC}") = "TestClass", "TestClass\TestClass.csproj", "{4E90372B-33EF-47FF-8976-697EA59190F1}"
EndProject
Global
	GlobalSection(SolutionConfigurationPlatforms) = preSolution
		Debug|Any CPU = Debug|Any CPU
		Release|Any CPU = Release|Any CPU
	EndGlobalSection
	GlobalSection(ProjectConfigurationPlatforms) = postSolution
		{E1C50064-0B7A-4C89-A4ED-3A9DE7EEB5B6}.Debug|Any CPU.ActiveCfg = Debug|Any CPU
		{E1C50064-0B7A-4C89-A4ED-3A9DE7EEB5B6}.Debug|Any CPU.Build.0 = Debug|Any CPU
		{E1C50064-0B7A-4C89-A4ED-3A9DE7EEB5B6}.Release|Any CPU.ActiveCfg = Release|Any CPU
		{E1C50064-0B7A-4C89-A4ED-3A9DE7EEB5B6}.Release|Any CPU.Build.0 = Release|Any CPU
		{843182B6-17E2-4620-9EC3-5AC62D361DF4}.Debug|Any CPU.ActiveCfg = Debug|Any CPU
		{843182B6-17E2-4620-9EC3-5AC62D361DF4}.Debug|Any CPU.Build.0 = Debug|Any CPU
		{843182B6-17E2-4620-9EC3-5AC62D361DF4}.Release|Any CPU.ActiveCfg = Release|Any CPU
		{843182B6-17E2-4620-9EC3-5AC62D361DF4}.Release|Any CPU.Build.0 = Release|Any CPU
		{4E90372B-33EF-47FF-8976-697EA59190F1}.Debug|Any CPU.ActiveCfg = Debug|Any CPU
		{4E90372B-33EF-47FF-8976-697EA59190F1}.Debug|Any CPU.Build.0 = Debug|Any CPU
		{4E90372B-33EF-47FF-8976-697EA59190F1}.Release|Any CPU.ActiveCfg = Release|Any CPU
		{4E90372B-33EF-47FF-8976-697EA59190F1}.Release|Any CPU.Build.0 = Release|Any CPU
	EndGlobalSection
	GlobalSection(SolutionProperties) = preSolution
		HideSolutionNode = FALSE
	EndGlobalSection
	GlobalSection(ExtensibilityGlobals) = postSolution
		SolutionGuid = {D646CAB3-48B8-4B1A-8002-90939BFD274F}
	EndGlobalSection
EndGlobal
